
Microsoft Visual Studio Solution File, Format Version 12.00
# Visual Studio 15
VisualStudioVersion = 15.0.28307.1022
MinimumVisualStudioVersion = 10.0.40219.1
Project("{8BC9CEB8-8B4A-11D0-8D11-00A0C91BC942}") = "ConsoleApplication1", "ConsoleApplication1\ConsoleApplication1.vcxproj", "{14FBBAEA-6842-4734-BC43-CEC8900D1067}"
EndProject
Project("{8BC9CEB8-8B4A-11D0-8D11-00A0C91BC942}") = "brotherstring", "ConsoleApplication2\ConsoleApplication2.vcxproj", "{804FF6CF-A775-4DD9-8EF1-933707EBFF10}"
EndProject
Project("{8BC9CEB8-8B4A-11D0-8D11-00A0C91BC942}") = "sushubanlv", "sushubanlv\sushubanlv.vcxproj", "{AA94FD3A-3686-43B4-A032-7C47DBB3AE1B}"
EndProject
Project("{8BC9CEB8-8B4A-11D0-8D11-00A0C91BC942}") = "ConsoleApplication3", "ConsoleApplication3\ConsoleApplication3.vcxproj", "{C4638526-60F0-4CCF-A18E-600DD37B3D0C}"
EndProject
Project("{8BC9CEB8-8B4A-11D0-8D11-00A0C91BC942}") = "zhishuyinzi", "zhishuyinzi\zhishuyinzi.vcxproj", "{876E97A1-B0EF-46E4-B8CE-66592B0A15D9}"
EndProject
Project("{8BC9CEB8-8B4A-11D0-8D11-00A0C91BC942}") = "Sudoku", "Sudoku\Sudoku.vcxproj", "{CE8D166D-9AD0-4770-B456-53109A795B3C}"
EndProject
Project("{8BC9CEB8-8B4A-11D0-8D11-00A0C91BC942}") = "NQueen", "NQueen\NQueen.vcxproj", "{F0F131CA-F685-4378-B03E-072ABBB93D2A}"
EndProject
Project("{8BC9CEB8-8B4A-11D0-8D11-00A0C91BC942}") = "PermutationCombination", "PermutationCombination\PermutationCombination.vcxproj", "{EF2905D6-9259-4932-8A81-24D124743120}"
EndProject
Project("{8BC9CEB8-8B4A-11D0-8D11-00A0C91BC942}") = "Dot24", "Dot24\Dot24.vcxproj", "{7F8F6429-A3DD-4938-B582-5BE14F1E7B25}"
EndProject
Project("{8BC9CEB8-8B4A-11D0-8D11-00A0C91BC942}") = "Find2NumEquelM", "Find2NumEquelM\Find2NumEquelM.vcxproj", "{4316FA68-E79E-4374-952B-10A51B84F0F5}"
EndProject
Project("{8BC9CEB8-8B4A-11D0-8D11-00A0C91BC942}") = "CowStall", "CowStall\CowStall.vcxproj", "{0C77ECA8-D9E0-4BEA-9C9E-3DF468A577A2}"
EndProject
Project("{8BC9CEB8-8B4A-11D0-8D11-00A0C91BC942}") = "migong", "migong\migong.vcxproj", "{E4DDAC94-D116-4422-856D-F78D8D3EFA12}"
EndProject
Project("{8BC9CEB8-8B4A-11D0-8D11-00A0C91BC942}") = "CharNum", "CharNum\CharNum.vcxproj", "{B0BD35DD-6AE3-45BB-A1DB-936118E1D1DB}"
EndProject
Project("{8BC9CEB8-8B4A-11D0-8D11-00A0C91BC942}") = "LongestComStrOrList", "LongestComStrOrList\LongestComStrOrList.vcxproj", "{E8A4379D-9339-42B9-87F0-CD78703E5227}"
EndProject
Project("{8BC9CEB8-8B4A-11D0-8D11-00A0C91BC942}") = "Test", "Test\Test.vcxproj", "{35981CEA-6398-4E78-ACA1-81E90DA0F5D7}"
EndProject
Project("{8BC9CEB8-8B4A-11D0-8D11-00A0C91BC942}") = "HahTable", "HahTable\HahTable.vcxproj", "{2D2A8125-5F99-4B31-ABBA-73C95EAD206C}"
EndProject
Project("{8BC9CEB8-8B4A-11D0-8D11-00A0C91BC942}") = "ConsoleApplication4", "ConsoleApplication4\ConsoleApplication4.vcxproj", "{01991D3B-AA24-4D0D-A53C-00FE21135098}"
EndProject
Global
	GlobalSection(SolutionConfigurationPlatforms) = preSolution
		Debug|x64 = Debug|x64
		Debug|x86 = Debug|x86
		Release|x64 = Release|x64
		Release|x86 = Release|x86
	EndGlobalSection
	GlobalSection(ProjectConfigurationPlatforms) = postSolution
		{14FBBAEA-6842-4734-BC43-CEC8900D1067}.Debug|x64.ActiveCfg = Debug|x64
		{14FBBAEA-6842-4734-BC43-CEC8900D1067}.Debug|x64.Build.0 = Debug|x64
		{14FBBAEA-6842-4734-BC43-CEC8900D1067}.Debug|x86.ActiveCfg = Debug|Win32
		{14FBBAEA-6842-4734-BC43-CEC8900D1067}.Debug|x86.Build.0 = Debug|Win32
		{14FBBAEA-6842-4734-BC43-CEC8900D1067}.Release|x64.ActiveCfg = Release|x64
		{14FBBAEA-6842-4734-BC43-CEC8900D1067}.Release|x64.Build.0 = Release|x64
		{14FBBAEA-6842-4734-BC43-CEC8900D1067}.Release|x86.ActiveCfg = Release|Win32
		{14FBBAEA-6842-4734-BC43-CEC8900D1067}.Release|x86.Build.0 = Release|Win32
		{804FF6CF-A775-4DD9-8EF1-933707EBFF10}.Debug|x64.ActiveCfg = Debug|x64
		{804FF6CF-A775-4DD9-8EF1-933707EBFF10}.Debug|x64.Build.0 = Debug|x64
		{804FF6CF-A775-4DD9-8EF1-933707EBFF10}.Debug|x86.ActiveCfg = Debug|Win32
		{804FF6CF-A775-4DD9-8EF1-933707EBFF10}.Debug|x86.Build.0 = Debug|Win32
		{804FF6CF-A775-4DD9-8EF1-933707EBFF10}.Release|x64.ActiveCfg = Release|x64
		{804FF6CF-A775-4DD9-8EF1-933707EBFF10}.Release|x64.Build.0 = Release|x64
		{804FF6CF-A775-4DD9-8EF1-933707EBFF10}.Release|x86.ActiveCfg = Release|Win32
		{804FF6CF-A775-4DD9-8EF1-933707EBFF10}.Release|x86.Build.0 = Release|Win32
		{AA94FD3A-3686-43B4-A032-7C47DBB3AE1B}.Debug|x64.ActiveCfg = Debug|x64
		{AA94FD3A-3686-43B4-A032-7C47DBB3AE1B}.Debug|x64.Build.0 = Debug|x64
		{AA94FD3A-3686-43B4-A032-7C47DBB3AE1B}.Debug|x86.ActiveCfg = Debug|Win32
		{AA94FD3A-3686-43B4-A032-7C47DBB3AE1B}.Debug|x86.Build.0 = Debug|Win32
		{AA94FD3A-3686-43B4-A032-7C47DBB3AE1B}.Release|x64.ActiveCfg = Release|x64
		{AA94FD3A-3686-43B4-A032-7C47DBB3AE1B}.Release|x64.Build.0 = Release|x64
		{AA94FD3A-3686-43B4-A032-7C47DBB3AE1B}.Release|x86.ActiveCfg = Release|Win32
		{AA94FD3A-3686-43B4-A032-7C47DBB3AE1B}.Release|x86.Build.0 = Release|Win32
		{C4638526-60F0-4CCF-A18E-600DD37B3D0C}.Debug|x64.ActiveCfg = Debug|x64
		{C4638526-60F0-4CCF-A18E-600DD37B3D0C}.Debug|x64.Build.0 = Debug|x64
		{C4638526-60F0-4CCF-A18E-600DD37B3D0C}.Debug|x86.ActiveCfg = Debug|Win32
		{C4638526-60F0-4CCF-A18E-600DD37B3D0C}.Debug|x86.Build.0 = Debug|Win32
		{C4638526-60F0-4CCF-A18E-600DD37B3D0C}.Release|x64.ActiveCfg = Release|x64
		{C4638526-60F0-4CCF-A18E-600DD37B3D0C}.Release|x64.Build.0 = Release|x64
		{C4638526-60F0-4CCF-A18E-600DD37B3D0C}.Release|x86.ActiveCfg = Release|Win32
		{C4638526-60F0-4CCF-A18E-600DD37B3D0C}.Release|x86.Build.0 = Release|Win32
		{876E97A1-B0EF-46E4-B8CE-66592B0A15D9}.Debug|x64.ActiveCfg = Debug|x64
		{876E97A1-B0EF-46E4-B8CE-66592B0A15D9}.Debug|x64.Build.0 = Debug|x64
		{876E97A1-B0EF-46E4-B8CE-66592B0A15D9}.Debug|x86.ActiveCfg = Debug|Win32
		{876E97A1-B0EF-46E4-B8CE-66592B0A15D9}.Debug|x86.Build.0 = Debug|Win32
		{876E97A1-B0EF-46E4-B8CE-66592B0A15D9}.Release|x64.ActiveCfg = Release|x64
		{876E97A1-B0EF-46E4-B8CE-66592B0A15D9}.Release|x64.Build.0 = Release|x64
		{876E97A1-B0EF-46E4-B8CE-66592B0A15D9}.Release|x86.ActiveCfg = Release|Win32
		{876E97A1-B0EF-46E4-B8CE-66592B0A15D9}.Release|x86.Build.0 = Release|Win32
		{CE8D166D-9AD0-4770-B456-53109A795B3C}.Debug|x64.ActiveCfg = Debug|x64
		{CE8D166D-9AD0-4770-B456-53109A795B3C}.Debug|x64.Build.0 = Debug|x64
		{CE8D166D-9AD0-4770-B456-53109A795B3C}.Debug|x86.ActiveCfg = Debug|Win32
		{CE8D166D-9AD0-4770-B456-53109A795B3C}.Debug|x86.Build.0 = Debug|Win32
		{CE8D166D-9AD0-4770-B456-53109A795B3C}.Release|x64.ActiveCfg = Release|x64
		{CE8D166D-9AD0-4770-B456-53109A795B3C}.Release|x64.Build.0 = Release|x64
		{CE8D166D-9AD0-4770-B456-53109A795B3C}.Release|x86.ActiveCfg = Release|Win32
		{CE8D166D-9AD0-4770-B456-53109A795B3C}.Release|x86.Build.0 = Release|Win32
		{F0F131CA-F685-4378-B03E-072ABBB93D2A}.Debug|x64.ActiveCfg = Debug|x64
		{F0F131CA-F685-4378-B03E-072ABBB93D2A}.Debug|x64.Build.0 = Debug|x64
		{F0F131CA-F685-4378-B03E-072ABBB93D2A}.Debug|x86.ActiveCfg = Debug|Win32
		{F0F131CA-F685-4378-B03E-072ABBB93D2A}.Debug|x86.Build.0 = Debug|Win32
		{F0F131CA-F685-4378-B03E-072ABBB93D2A}.Release|x64.ActiveCfg = Release|x64
		{F0F131CA-F685-4378-B03E-072ABBB93D2A}.Release|x64.Build.0 = Release|x64
		{F0F131CA-F685-4378-B03E-072ABBB93D2A}.Release|x86.ActiveCfg = Release|Win32
		{F0F131CA-F685-4378-B03E-072ABBB93D2A}.Release|x86.Build.0 = Release|Win32
		{EF2905D6-9259-4932-8A81-24D124743120}.Debug|x64.ActiveCfg = Debug|x64
		{EF2905D6-9259-4932-8A81-24D124743120}.Debug|x64.Build.0 = Debug|x64
		{EF2905D6-9259-4932-8A81-24D124743120}.Debug|x86.ActiveCfg = Debug|Win32
		{EF2905D6-9259-4932-8A81-24D124743120}.Debug|x86.Build.0 = Debug|Win32
		{EF2905D6-9259-4932-8A81-24D124743120}.Release|x64.ActiveCfg = Release|x64
		{EF2905D6-9259-4932-8A81-24D124743120}.Release|x64.Build.0 = Release|x64
		{EF2905D6-9259-4932-8A81-24D124743120}.Release|x86.ActiveCfg = Release|Win32
		{EF2905D6-9259-4932-8A81-24D124743120}.Release|x86.Build.0 = Release|Win32
		{7F8F6429-A3DD-4938-B582-5BE14F1E7B25}.Debug|x64.ActiveCfg = Debug|x64
		{7F8F6429-A3DD-4938-B582-5BE14F1E7B25}.Debug|x64.Build.0 = Debug|x64
		{7F8F6429-A3DD-4938-B582-5BE14F1E7B25}.Debug|x86.ActiveCfg = Debug|Win32
		{7F8F6429-A3DD-4938-B582-5BE14F1E7B25}.Debug|x86.Build.0 = Debug|Win32
		{7F8F6429-A3DD-4938-B582-5BE14F1E7B25}.Release|x64.ActiveCfg = Release|x64
		{7F8F6429-A3DD-4938-B582-5BE14F1E7B25}.Release|x64.Build.0 = Release|x64
		{7F8F6429-A3DD-4938-B582-5BE14F1E7B25}.Release|x86.ActiveCfg = Release|Win32
		{7F8F6429-A3DD-4938-B582-5BE14F1E7B25}.Release|x86.Build.0 = Release|Win32
		{4316FA68-E79E-4374-952B-10A51B84F0F5}.Debug|x64.ActiveCfg = Debug|x64
		{4316FA68-E79E-4374-952B-10A51B84F0F5}.Debug|x64.Build.0 = Debug|x64
		{4316FA68-E79E-4374-952B-10A51B84F0F5}.Debug|x86.ActiveCfg = Debug|Win32
		{4316FA68-E79E-4374-952B-10A51B84F0F5}.Debug|x86.Build.0 = Debug|Win32
		{4316FA68-E79E-4374-952B-10A51B84F0F5}.Release|x64.ActiveCfg = Release|x64
		{4316FA68-E79E-4374-952B-10A51B84F0F5}.Release|x64.Build.0 = Release|x64
		{4316FA68-E79E-4374-952B-10A51B84F0F5}.Release|x86.ActiveCfg = Release|Win32
		{4316FA68-E79E-4374-952B-10A51B84F0F5}.Release|x86.Build.0 = Release|Win32
		{0C77ECA8-D9E0-4BEA-9C9E-3DF468A577A2}.Debug|x64.ActiveCfg = Debug|x64
		{0C77ECA8-D9E0-4BEA-9C9E-3DF468A577A2}.Debug|x64.Build.0 = Debug|x64
		{0C77ECA8-D9E0-4BEA-9C9E-3DF468A577A2}.Debug|x86.ActiveCfg = Debug|Win32
		{0C77ECA8-D9E0-4BEA-9C9E-3DF468A577A2}.Debug|x86.Build.0 = Debug|Win32
		{0C77ECA8-D9E0-4BEA-9C9E-3DF468A577A2}.Release|x64.ActiveCfg = Release|x64
		{0C77ECA8-D9E0-4BEA-9C9E-3DF468A577A2}.Release|x64.Build.0 = Release|x64
		{0C77ECA8-D9E0-4BEA-9C9E-3DF468A577A2}.Release|x86.ActiveCfg = Release|Win32
		{0C77ECA8-D9E0-4BEA-9C9E-3DF468A577A2}.Release|x86.Build.0 = Release|Win32
		{E4DDAC94-D116-4422-856D-F78D8D3EFA12}.Debug|x64.ActiveCfg = Debug|x64
		{E4DDAC94-D116-4422-856D-F78D8D3EFA12}.Debug|x64.Build.0 = Debug|x64
		{E4DDAC94-D116-4422-856D-F78D8D3EFA12}.Debug|x86.ActiveCfg = Debug|Win32
		{E4DDAC94-D116-4422-856D-F78D8D3EFA12}.Debug|x86.Build.0 = Debug|Win32
		{E4DDAC94-D116-4422-856D-F78D8D3EFA12}.Release|x64.ActiveCfg = Release|x64
		{E4DDAC94-D116-4422-856D-F78D8D3EFA12}.Release|x64.Build.0 = Release|x64
		{E4DDAC94-D116-4422-856D-F78D8D3EFA12}.Release|x86.ActiveCfg = Release|Win32
		{E4DDAC94-D116-4422-856D-F78D8D3EFA12}.Release|x86.Build.0 = Release|Win32
		{B0BD35DD-6AE3-45BB-A1DB-936118E1D1DB}.Debug|x64.ActiveCfg = Debug|x64
		{B0BD35DD-6AE3-45BB-A1DB-936118E1D1DB}.Debug|x64.Build.0 = Debug|x64
		{B0BD35DD-6AE3-45BB-A1DB-936118E1D1DB}.Debug|x86.ActiveCfg = Debug|Win32
		{B0BD35DD-6AE3-45BB-A1DB-936118E1D1DB}.Debug|x86.Build.0 = Debug|Win32
		{B0BD35DD-6AE3-45BB-A1DB-936118E1D1DB}.Release|x64.ActiveCfg = Release|x64
		{B0BD35DD-6AE3-45BB-A1DB-936118E1D1DB}.Release|x64.Build.0 = Release|x64
		{B0BD35DD-6AE3-45BB-A1DB-936118E1D1DB}.Release|x86.ActiveCfg = Release|Win32
		{B0BD35DD-6AE3-45BB-A1DB-936118E1D1DB}.Release|x86.Build.0 = Release|Win32
		{E8A4379D-9339-42B9-87F0-CD78703E5227}.Debug|x64.ActiveCfg = Debug|x64
		{E8A4379D-9339-42B9-87F0-CD78703E5227}.Debug|x64.Build.0 = Debug|x64
		{E8A4379D-9339-42B9-87F0-CD78703E5227}.Debug|x86.ActiveCfg = Debug|Win32
		{E8A4379D-9339-42B9-87F0-CD78703E5227}.Debug|x86.Build.0 = Debug|Win32
		{E8A4379D-9339-42B9-87F0-CD78703E5227}.Release|x64.ActiveCfg = Release|x64
		{E8A4379D-9339-42B9-87F0-CD78703E5227}.Release|x64.Build.0 = Release|x64
		{E8A4379D-9339-42B9-87F0-CD78703E5227}.Release|x86.ActiveCfg = Release|Win32
		{E8A4379D-9339-42B9-87F0-CD78703E5227}.Release|x86.Build.0 = Release|Win32
		{35981CEA-6398-4E78-ACA1-81E90DA0F5D7}.Debug|x64.ActiveCfg = Debug|x64
		{35981CEA-6398-4E78-ACA1-81E90DA0F5D7}.Debug|x64.Build.0 = Debug|x64
		{35981CEA-6398-4E78-ACA1-81E90DA0F5D7}.Debug|x86.ActiveCfg = Debug|Win32
		{35981CEA-6398-4E78-ACA1-81E90DA0F5D7}.Debug|x86.Build.0 = Debug|Win32
		{35981CEA-6398-4E78-ACA1-81E90DA0F5D7}.Release|x64.ActiveCfg = Release|x64
		{35981CEA-6398-4E78-ACA1-81E90DA0F5D7}.Release|x64.Build.0 = Release|x64
		{35981CEA-6398-4E78-ACA1-81E90DA0F5D7}.Release|x86.ActiveCfg = Release|Win32
		{35981CEA-6398-4E78-ACA1-81E90DA0F5D7}.Release|x86.Build.0 = Release|Win32
		{2D2A8125-5F99-4B31-ABBA-73C95EAD206C}.Debug|x64.ActiveCfg = Debug|x64
		{2D2A8125-5F99-4B31-ABBA-73C95EAD206C}.Debug|x64.Build.0 = Debug|x64
		{2D2A8125-5F99-4B31-ABBA-73C95EAD206C}.Debug|x86.ActiveCfg = Debug|Win32
		{2D2A8125-5F99-4B31-ABBA-73C95EAD206C}.Debug|x86.Build.0 = Debug|Win32
		{2D2A8125-5F99-4B31-ABBA-73C95EAD206C}.Release|x64.ActiveCfg = Release|x64
		{2D2A8125-5F99-4B31-ABBA-73C95EAD206C}.Release|x64.Build.0 = Release|x64
		{2D2A8125-5F99-4B31-ABBA-73C95EAD206C}.Release|x86.ActiveCfg = Release|Win32
		{2D2A8125-5F99-4B31-ABBA-73C95EAD206C}.Release|x86.Build.0 = Release|Win32
		{01991D3B-AA24-4D0D-A53C-00FE21135098}.Debug|x64.ActiveCfg = Debug|x64
		{01991D3B-AA24-4D0D-A53C-00FE21135098}.Debug|x64.Build.0 = Debug|x64
		{01991D3B-AA24-4D0D-A53C-00FE21135098}.Debug|x86.ActiveCfg = Debug|Win32
		{01991D3B-AA24-4D0D-A53C-00FE21135098}.Debug|x86.Build.0 = Debug|Win32
		{01991D3B-AA24-4D0D-A53C-00FE21135098}.Release|x64.ActiveCfg = Release|x64
		{01991D3B-AA24-4D0D-A53C-00FE21135098}.Release|x64.Build.0 = Release|x64
		{01991D3B-AA24-4D0D-A53C-00FE21135098}.Release|x86.ActiveCfg = Release|Win32
		{01991D3B-AA24-4D0D-A53C-00FE21135098}.Release|x86.Build.0 = Release|Win32
	EndGlobalSection
	GlobalSection(SolutionProperties) = preSolution
		HideSolutionNode = FALSE
	EndGlobalSection
	GlobalSection(ExtensibilityGlobals) = postSolution
		SolutionGuid = {1EA92FD6-2A9F-4C9E-93C4-F64595684674}
	EndGlobalSection
EndGlobal
